// !$*UTF8*$!
{
	archiveVersion = 1;
	classes = {
	};
	objectVersion = 50;
	objects = {

/* Begin PBXBuildFile section */
		18ED48D6208DAA02002AF339 /* AppDelegate.m in Sources */ = {isa = PBXBuildFile; fileRef = 18ED48D5208DAA02002AF339 /* AppDelegate.m */; };
		18ED48D9208DAA02002AF339 /* ViewController.m in Sources */ = {isa = PBXBuildFile; fileRef = 18ED48D8208DAA02002AF339 /* ViewController.m */; };
		18ED48DC208DAA02002AF339 /* Main.storyboard in Resources */ = {isa = PBXBuildFile; fileRef = 18ED48DA208DAA02002AF339 /* Main.storyboard */; };
		18ED48DE208DAA03002AF339 /* Assets.xcassets in Resources */ = {isa = PBXBuildFile; fileRef = 18ED48DD208DAA03002AF339 /* Assets.xcassets */; };
		18ED48E1208DAA03002AF339 /* LaunchScreen.storyboard in Resources */ = {isa = PBXBuildFile; fileRef = 18ED48DF208DAA03002AF339 /* LaunchScreen.storyboard */; };
		18ED48E4208DAA03002AF339 /* main.m in Sources */ = {isa = PBXBuildFile; fileRef = 18ED48E3208DAA03002AF339 /* main.m */; };
/* End PBXBuildFile section */

/* Begin PBXFileReference section */
		18ED48D1208DAA02002AF339 /* JDSPay.app */ = {isa = PBXFileReference; explicitFileType = wrapper.application; includeInIndex = 0; path = JDSPay.app; sourceTree = BUILT_PRODUCTS_DIR; };
		18ED48D4208DAA02002AF339 /* AppDelegate.h */ = {isa = PBXFileReference; lastKnownFileType = sourcecode.c.h; path = AppDelegate.h; sourceTree = "<group>"; };
		18ED48D5208DAA02002AF339 /* AppDelegate.m */ = {isa = PBXFileReference; lastKnownFileType = sourcecode.c.objc; path = AppDelegate.m; sourceTree = "<group>"; };
		18ED48D7208DAA02002AF339 /* ViewController.h */ = {isa = PBXFileReference; lastKnownFileType = sourcecode.c.h; path = ViewController.h; sourceTree = "<group>"; };
		18ED48D8208DAA02002AF339 /* ViewController.m */ = {isa = PBXFileReference; lastKnownFileType = sourcecode.c.objc; path = ViewController.m; sourceTree = "<group>"; };
		18ED48DB208DAA02002AF339 /* Base */ = {isa = PBXFileReference; lastKnownFileType = file.storyboard; name = Base; path = Base.lproj/Main.storyboard; sourceTree = "<group>"; };
		18ED48DD208DAA03002AF339 /* Assets.xcassets */ = {isa = PBXFileReference; lastKnownFileType = folder.assetcatalog; path = Assets.xcassets; sourceTree = "<group>"; };
		18ED48E0208DAA03002AF339 /* Base */ = {isa = PBXFileReference; lastKnownFileType = file.storyboard; name = Base; path = Base.lproj/LaunchScreen.storyboard; sourceTree = "<group>"; };
		18ED48E2208DAA03002AF339 /* Info.plist */ = {isa = PBXFileReference; lastKnownFileType = text.plist.xml; path = Info.plist; sourceTree = "<group>"; };
		18ED48E3208DAA03002AF339 /* main.m */ = {isa = PBXFileReference; lastKnownFileType = sourcecode.c.objc; path = main.m; sourceTree = "<group>"; };
/* End PBXFileReference section */

/* Begin PBXFrameworksBuildPhase section */
		18ED48CE208DAA02002AF339 /* Frameworks */ = {
			isa = PBXFrameworksBuildPhase;
			buildActionMask = 2147483647;
			files = (
			);
			runOnlyForDeploymentPostprocessing = 0;
		};
/* End PBXFrameworksBuildPhase section */

/* Begin PBXGroup section */
		18ED48C8208DAA02002AF339 = {
			isa = PBXGroup;
			children = (
				18ED48D3208DAA02002AF339 /* JDSPay */,
				18ED48D2208DAA02002AF339 /* Products */,
			);
			sourceTree = "<group>";
		};
		18ED48D2208DAA02002AF339 /* Products */ = {
			isa = PBXGroup;
			children = (
				18ED48D1208DAA02002AF339 /* JDSPay.app */,
			);
			name = Products;
			sourceTree = "<group>";
		};
		18ED48D3208DAA02002AF339 /* JDSPay */ = {
			isa = PBXGroup;
			children = (
				18ED48D4208DAA02002AF339 /* AppDelegate.h */,
				18ED48D5208DAA02002AF339 /* AppDelegate.m */,
				18ED48D7208DAA02002AF339 /* ViewController.h */,
				18ED48D8208DAA02002AF339 /* ViewController.m */,
				18ED48DA208DAA02002AF339 /* Main.storyboard */,
				18ED48DD208DAA03002AF339 /* Assets.xcassets */,
				18ED48DF208DAA03002AF339 /* LaunchScreen.storyboard */,
				18ED48E2208DAA03002AF339 /* Info.plist */,
				18ED48E3208DAA03002AF339 /* main.m */,
			);
			path = JDSPay;
			sourceTree = "<group>";
		};
/* End PBXGroup section */

/* Begin PBXNativeTarget section */
		18ED48D0208DAA02002AF339 /* JDSPay */ = {
			isa = PBXNativeTarget;
			buildConfigurationList = 18ED48E7208DAA03002AF339 /* Build configuration list for PBXNativeTarget "JDSPay" */;
			buildPhases = (
				18ED48CD208DAA02002AF339 /* Sources */,
				18ED48CE208DAA02002AF339 /* Frameworks */,
				18ED48CF208DAA02002AF339 /* Resources */,
			);
			buildRules = (
			);
			dependencies = (
			);
			name = JDSPay;
			productName = JDSPay;
			productReference = 18ED48D1208DAA02002AF339 /* JDSPay.app */;
			productType = "com.apple.product-type.application";
		};
/* End PBXNativeTarget section */

/* Begin PBXProject section */
		18ED48C9208DAA02002AF339 /* Project object */ = {
			isa = PBXProject;
			attributes = {
				LastUpgradeCheck = 0930;
				TargetAttributes = {
					18ED48D0208DAA02002AF339 = {
						CreatedOnToolsVersion = 9.3;
					};
				};
			};
			buildConfigurationList = 18ED48CC208DAA02002AF339 /* Build configuration list for PBXProject "JDSPay" */;
			compatibilityVersion = "Xcode 9.3";
			developmentRegion = en;
			hasScannedForEncodings = 0;
			knownRegions = (
				en,
				Base,
			);
			mainGroup = 18ED48C8208DAA02002AF339;
			productRefGroup = 18ED48D2208DAA02002AF339 /* Products */;
			projectDirPath = "";
			projectRoot = "";
			targets = (
				18ED48D0208DAA02002AF339 /* JDSPay */,
			);
		};
/* End PBXProject section */

/* Begin PBXResourcesBuildPhase section */
		18ED48CF208DAA02002AF339 /* Resources */ = {
			isa = PBXResourcesBuildPhase;
			buildActionMask = 2147483647;
			files = (
				18ED48E1208DAA03002AF339 /* LaunchScreen.storyboard in Resources */,
				18ED48DE208DAA03002AF339 /* Assets.xcassets in Resources */,
				18ED48DC208DAA02002AF339 /* Main.storyboard in Resources */,
			);
			runOnlyForDeploymentPostprocessing = 0;
		};
/* End PBXResourcesBuildPhase section */

/* Begin PBXSourcesBuildPhase section */
		18ED48CD208DAA02002AF339 /* Sources */ = {
			isa = PBXSourcesBuildPhase;
			buildActionMask = 2147483647;
			files = (
				18ED48D9208DAA02002AF339 /* ViewController.m in Sources */,
				18ED48E4208DAA03002AF339 /* main.m in Sources */,
				18ED48D6208DAA02002AF339 /* AppDelegate.m in Sources */,
			);
			runOnlyForDeploymentPostprocessing = 0;
		};
/* End PBXSourcesBuildPhase section */

/* Begin PBXVariantGroup section */
		18ED48DA208DAA02002AF339 /* Main.storyboard */ = {
			isa = PBXVariantGroup;
			children = (
				18ED48DB208DAA02002AF339 /* Base */,
			);
			name = Main.storyboard;
			sourceTree = "<group>";
		};
		18ED48DF208DAA03002AF339 /* LaunchScreen.storyboard */ = {
			isa = PBXVariantGroup;
			children = (
				18ED48E0208DAA03002AF339 /* Base */,
			);
			name = LaunchScreen.storyboard;
			sourceTree = "<group>";
		};
/* End PBXVariantGroup section */

/* Begin XCBuildConfiguration section */
		18ED48E5208DAA03002AF339 /* Debug */ = {
			isa = XCBuildConfiguration;
			buildSettings = {
				ALWAYS_SEARCH_USER_PATHS = NO;
				CLANG_ANALYZER_NONNULL = YES;
				CLANG_ANALYZER_NUMBER_OBJECT_CONVERSION = YES_AGGRESSIVE;
				CLANG_CXX_LANGUAGE_STANDARD = "gnu++14";
				CLANG_CXX_LIBRARY = "libc++";
				CLANG_ENABLE_MODULES = YES;
				CLANG_ENABLE_OBJC_ARC = YES;
				CLANG_ENABLE_OBJC_WEAK = YES;
				CLANG_WARN_BLOCK_CAPTURE_AUTORELEASING = YES;
				CLANG_WARN_BOOL_CONVERSION = YES;
				CLANG_WARN_COMMA = YES;
				CLANG_WARN_CONSTANT_CONVERSION = YES;
				CLANG_WARN_DEPRECATED_OBJC_IMPLEMENTATIONS = YES;
				CLANG_WARN_DIRECT_OBJC_ISA_USAGE = YES_ERROR;
				CLANG_WARN_DOCUMENTATION_COMMENTS = YES;
				CLANG_WARN_EMPTY_BODY = YES;
				CLANG_WARN_ENUM_CONVERSION = YES;
				CLANG_WARN_INFINITE_RECURSION = YES;
				CLANG_WARN_INT_CONVERSION = YES;
				CLANG_WARN_NON_LITERAL_NULL_CONVERSION = YES;
				CLANG_WARN_OBJC_IMPLICIT_RETAIN_SELF = YES;
				CLANG_WARN_OBJC_LITERAL_CONVERSION = YES;
				CLANG_WARN_OBJC_ROOT_CLASS = YES_ERROR;
				CLANG_WARN_RANGE_LOOP_ANALYSIS = YES;
				CLANG_WARN_STRICT_PROTOTYPES = YES;
				CLANG_WARN_SUSPICIOUS_MOVE = YES;
				CLANG_WARN_UNGUARDED_AVAILABILITY = YES_AGGRESSIVE;
				CLANG_WARN_UNREACHABLE_CODE = YES;
				CLANG_WARN__DUPLICATE_METHOD_MATCH = YES;
				CODE_SIGN_IDENTITY = "iPhone Developer";
				COPY_PHASE_STRIP = NO;
				DEBUG_INFORMATION_FORMAT = dwarf;
				ENABLE_STRICT_OBJC_MSGSEND = YES;
				ENABLE_TESTABILITY = YES;
				GCC_C_LANGUAGE_STANDARD = gnu11;
				GCC_DYNAMIC_NO_PIC = NO;
				GCC_NO_COMMON_BLOCKS = YES;
				GCC_OPTIMIZATION_LEVEL = 0;
				GCC_PREPROCESSOR_DEFINITIONS = (
					"DEBUG=1",
					"$(inherited)",
				);
				GCC_WARN_64_TO_32_BIT_CONVERSION = YES;
				GCC_WARN_ABOUT_RETURN_TYPE = YES_ERROR;
				GCC_WARN_UNDECLARED_SELECTOR = YES;
				GCC_WARN_UNINITIALIZED_AUTOS = YES_AGGRESSIVE;
				GCC_WARN_UNUSED_FUNCTION = YES;
				GCC_WARN_UNUSED_VARIABLE = YES;
				IPHONEOS_DEPLOYMENT_TARGET = 11.3;
				MTL_ENABLE_DEBUG_INFO = YES;
				ONLY_ACTIVE_ARCH = YES;
				SDKROOT = iphoneos;
			};
			name = Debug;
		};
		18ED48E6208DAA03002AF339 /* Release */ = {
			isa = XCBuildConfiguration;
			buildSettings = {
				ALWAYS_SEARCH_USER_PATHS = NO;
				CLANG_ANALYZER_NONNULL = YES;
				CLANG_ANALYZER_NUMBER_OBJECT_CONVERSION = YES_AGGRESSIVE;
				CLANG_CXX_LANGUAGE_STANDARD = "gnu++14";
				CLANG_CXX_LIBRARY = "libc++";
				CLANG_ENABLE_MODULES = YES;
				CLANG_ENABLE_OBJC_ARC = YES;
				CLANG_ENABLE_OBJC_WEAK = YES;
				CLANG_WARN_BLOCK_CAPTURE_AUTORELEASING = YES;
				CLANG_WARN_BOOL_CONVERSION = YES;
				CLANG_WARN_COMMA = YES;
				CLANG_WARN_CONSTANT_CONVERSION = YES;
				CLANG_WARN_DEPRECATED_OBJC_IMPLEMENTATIONS = YES;
				CLANG_WARN_DIRECT_OBJC_ISA_USAGE = YES_ERROR;
				CLANG_WARN_DOCUMENTATION_COMMENTS = YES;
				CLANG_WARN_EMPTY_BODY = YES;
				CLANG_WARN_ENUM_CONVERSION = YES;
				CLANG_WARN_INFINITE_RECURSION = YES;
				CLANG_WARN_INT_CONVERSION = YES;
				CLANG_WARN_NON_LITERAL_NULL_CONVERSION = YES;
				CLANG_WARN_OBJC_IMPLICIT_RETAIN_SELF = YES;
				CLANG_WARN_OBJC_LITERAL_CONVERSION = YES;
				CLANG_WARN_OBJC_ROOT_CLASS = YES_ERROR;
				CLANG_WARN_RANGE_LOOP_ANALYSIS = YES;
				CLANG_WARN_STRICT_PROTOTYPES = YES;
				CLANG_WARN_SUSPICIOUS_MOVE = YES;
				CLANG_WARN_UNGUARDED_AVAILABILITY = YES_AGGRESSIVE;
				CLANG_WARN_UNREACHABLE_CODE = YES;
				CLANG_WARN__DUPLICATE_METHOD_MATCH = YES;
				CODE_SIGN_IDENTITY = "iPhone Developer";
				COPY_PHASE_STRIP = NO;
				DEBUG_INFORMATION_FORMAT = "dwarf-with-dsym";
				ENABLE_NS_ASSERTIONS = NO;
				ENABLE_STRICT_OBJC_MSGSEND = YES;
				GCC_C_LANGUAGE_STANDARD = gnu11;
				GCC_NO_COMMON_BLOCKS = YES;
				GCC_WARN_64_TO_32_BIT_CONVERSION = YES;
				GCC_WARN_ABOUT_RETURN_TYPE = YES_ERROR;
				GCC_WARN_UNDECLARED_SELECTOR = YES;
				GCC_WARN_UNINITIALIZED_AUTOS = YES_AGGRESSIVE;
				GCC_WARN_UNUSED_FUNCTION = YES;
				GCC_WARN_UNUSED_VARIABLE = YES;
				IPHONEOS_DEPLOYMENT_TARGET = 11.3;
				MTL_ENABLE_DEBUG_INFO = NO;
				SDKROOT = iphoneos;
				VALIDATE_PRODUCT = YES;
			};
			name = Release;
		};
		18ED48E8208DAA03002AF339 /* Debug */ = {
			isa = XCBuildConfiguration;
			buildSettings = {
				ASSETCATALOG_COMPILER_APPICON_NAME = AppIcon;
				CODE_SIGN_STYLE = Automatic;
				INFOPLIST_FILE = JDSPay/Info.plist;
				LD_RUNPATH_SEARCH_PATHS = (
					"$(inherited)",
					"@executable_path/Frameworks",
				);
				PRODUCT_BUNDLE_IDENTIFIER = "---.JDSPay";
				PRODUCT_NAME = "$(TARGET_NAME)";
				TARGETED_DEVICE_FAMILY = "1,2";
			};
			name = Debug;
		};
		18ED48E9208DAA03002AF339 /* Release */ = {
			isa = XCBuildConfiguration;
			buildSettings = {
				ASSETCATALOG_COMPILER_APPICON_NAME = AppIcon;
				CODE_SIGN_STYLE = Automatic;
				INFOPLIST_FILE = JDSPay/Info.plist;
				LD_RUNPATH_SEARCH_PATHS = (
					"$(inherited)",
					"@executable_path/Frameworks",
				);
				PRODUCT_BUNDLE_IDENTIFIER = "---.JDSPay";
				PRODUCT_NAME = "$(TARGET_NAME)";
				TARGETED_DEVICE_FAMILY = "1,2";
			};
			name = Release;
		};
/* End XCBuildConfiguration section */

/* Begin XCConfigurationList section */
		18ED48CC208DAA02002AF339 /* Build configuration list for PBXProject "JDSPay" */ = {
			isa = XCConfigurationList;
			buildConfigurations = (
				18ED48E5208DAA03002AF339 /* Debug */,
				18ED48E6208DAA03002AF339 /* Release */,
			);
			defaultConfigurationIsVisible = 0;
			defaultConfigurationName = Release;
		};
		18ED48E7208DAA03002AF339 /* Build configuration list for PBXNativeTarget "JDSPay" */ = {
			isa = XCConfigurationList;
			buildConfigurations = (
				18ED48E8208DAA03002AF339 /* Debug */,
				18ED48E9208DAA03002AF339 /* Release */,
			);
			defaultConfigurationIsVisible = 0;
			defaultConfigurationName = Release;
		};
/* End XCConfigurationList section */
	};
	rootObject = 18ED48C9208DAA02002AF339 /* Project object */;
}
